
Microsoft Visual Studio Solution File, Format Version 12.00
# Visual Studio Version 16
VisualStudioVersion = 16.0.33130.400
MinimumVisualStudioVersion = 10.0.40219.1
Project("{FAE04EC0-301F-11D3-BF4B-00C04F79EFBC}") = "MyAwesomeApp.Android", "MyAwesomeApp\MyAwesomeApp.Android\MyAwesomeApp.Android.csproj", "{652E848C-D5B7-42E6-95EA-74B2DA8D9869}"
EndProject
Project("{FAE04EC0-301F-11D3-BF4B-00C04F79EFBC}") = "MyAwesomeApp.iOS", "MyAwesomeApp\MyAwesomeApp.iOS\MyAwesomeApp.iOS.csproj", "{CCC1CBF3-C5A9-46A7-8625-B584B9308FA0}"
EndProject
Project("{FAE04EC0-301F-11D3-BF4B-00C04F79EFBC}") = "MyAwesomeApp", "MyAwesomeApp\MyAwesomeApp\MyAwesomeApp.csproj", "{EB42780C-4A2A-4479-861A-0122FE5FB3C8}"
EndProject
Global
	GlobalSection(SolutionConfigurationPlatforms) = preSolution
		Debug|Any CPU = Debug|Any CPU
		Debug|iPhone = Debug|iPhone
		Debug|iPhoneSimulator = Debug|iPhoneSimulator
		Release|Any CPU = Release|Any CPU
		Release|iPhone = Release|iPhone
		Release|iPhoneSimulator = Release|iPhoneSimulator
	EndGlobalSection
	GlobalSection(ProjectConfigurationPlatforms) = postSolution
		{652E848C-D5B7-42E6-95EA-74B2DA8D9869}.Debug|Any CPU.ActiveCfg = Debug|Any CPU
		{652E848C-D5B7-42E6-95EA-74B2DA8D9869}.Debug|Any CPU.Build.0 = Debug|Any CPU
		{652E848C-D5B7-42E6-95EA-74B2DA8D9869}.Debug|Any CPU.Deploy.0 = Debug|Any CPU
		{652E848C-D5B7-42E6-95EA-74B2DA8D9869}.Debug|iPhone.ActiveCfg = Debug|Any CPU
		{652E848C-D5B7-42E6-95EA-74B2DA8D9869}.Debug|iPhone.Build.0 = Debug|Any CPU
		{652E848C-D5B7-42E6-95EA-74B2DA8D9869}.Debug|iPhone.Deploy.0 = Debug|Any CPU
		{652E848C-D5B7-42E6-95EA-74B2DA8D9869}.Debug|iPhoneSimulator.ActiveCfg = Debug|Any CPU
		{652E848C-D5B7-42E6-95EA-74B2DA8D9869}.Debug|iPhoneSimulator.Build.0 = Debug|Any CPU
		{652E848C-D5B7-42E6-95EA-74B2DA8D9869}.Debug|iPhoneSimulator.Deploy.0 = Debug|Any CPU
		{652E848C-D5B7-42E6-95EA-74B2DA8D9869}.Release|Any CPU.ActiveCfg = Release|Any CPU
		{652E848C-D5B7-42E6-95EA-74B2DA8D9869}.Release|Any CPU.Build.0 = Release|Any CPU
		{652E848C-D5B7-42E6-95EA-74B2DA8D9869}.Release|Any CPU.Deploy.0 = Release|Any CPU
		{652E848C-D5B7-42E6-95EA-74B2DA8D9869}.Release|iPhone.ActiveCfg = Release|Any CPU
		{652E848C-D5B7-42E6-95EA-74B2DA8D9869}.Release|iPhone.Build.0 = Release|Any CPU
		{652E848C-D5B7-42E6-95EA-74B2DA8D9869}.Release|iPhone.Deploy.0 = Release|Any CPU
		{652E848C-D5B7-42E6-95EA-74B2DA8D9869}.Release|iPhoneSimulator.ActiveCfg = Release|Any CPU
		{652E848C-D5B7-42E6-95EA-74B2DA8D9869}.Release|iPhoneSimulator.Build.0 = Release|Any CPU
		{652E848C-D5B7-42E6-95EA-74B2DA8D9869}.Release|iPhoneSimulator.Deploy.0 = Release|Any CPU
		{CCC1CBF3-C5A9-46A7-8625-B584B9308FA0}.Debug|Any CPU.ActiveCfg = Debug|iPhone
		{CCC1CBF3-C5A9-46A7-8625-B584B9308FA0}.Debug|Any CPU.Build.0 = Debug|iPhone
		{CCC1CBF3-C5A9-46A7-8625-B584B9308FA0}.Debug|Any CPU.Deploy.0 = Debug|iPhone
		{CCC1CBF3-C5A9-46A7-8625-B584B9308FA0}.Debug|iPhone.ActiveCfg = Debug|iPhone
		{CCC1CBF3-C5A9-46A7-8625-B584B9308FA0}.Debug|iPhone.Build.0 = Debug|iPhone
		{CCC1CBF3-C5A9-46A7-8625-B584B9308FA0}.Debug|iPhone.Deploy.0 = Debug|iPhone
		{CCC1CBF3-C5A9-46A7-8625-B584B9308FA0}.Debug|iPhoneSimulator.ActiveCfg = Debug|iPhoneSimulator
		{CCC1CBF3-C5A9-46A7-8625-B584B9308FA0}.Debug|iPhoneSimulator.Build.0 = Debug|iPhoneSimulator
		{CCC1CBF3-C5A9-46A7-8625-B584B9308FA0}.Debug|iPhoneSimulator.Deploy.0 = Debug|iPhoneSimulator
		{CCC1CBF3-C5A9-46A7-8625-B584B9308FA0}.Release|Any CPU.ActiveCfg = Release|iPhoneSimulator
		{CCC1CBF3-C5A9-46A7-8625-B584B9308FA0}.Release|Any CPU.Build.0 = Release|iPhoneSimulator
		{CCC1CBF3-C5A9-46A7-8625-B584B9308FA0}.Release|Any CPU.Deploy.0 = Release|iPhoneSimulator
		{CCC1CBF3-C5A9-46A7-8625-B584B9308FA0}.Release|iPhone.ActiveCfg = Release|iPhone
		{CCC1CBF3-C5A9-46A7-8625-B584B9308FA0}.Release|iPhone.Build.0 = Release|iPhone
		{CCC1CBF3-C5A9-46A7-8625-B584B9308FA0}.Release|iPhone.Deploy.0 = Release|iPhone
		{CCC1CBF3-C5A9-46A7-8625-B584B9308FA0}.Release|iPhoneSimulator.ActiveCfg = Release|iPhoneSimulator
		{CCC1CBF3-C5A9-46A7-8625-B584B9308FA0}.Release|iPhoneSimulator.Build.0 = Release|iPhoneSimulator
		{CCC1CBF3-C5A9-46A7-8625-B584B9308FA0}.Release|iPhoneSimulator.Deploy.0 = Release|iPhoneSimulator
		{EB42780C-4A2A-4479-861A-0122FE5FB3C8}.Debug|Any CPU.ActiveCfg = Debug|Any CPU
		{EB42780C-4A2A-4479-861A-0122FE5FB3C8}.Debug|Any CPU.Build.0 = Debug|Any CPU
		{EB42780C-4A2A-4479-861A-0122FE5FB3C8}.Debug|Any CPU.Deploy.0 = Debug|Any CPU
		{EB42780C-4A2A-4479-861A-0122FE5FB3C8}.Debug|iPhone.ActiveCfg = Debug|Any CPU
		{EB42780C-4A2A-4479-861A-0122FE5FB3C8}.Debug|iPhone.Build.0 = Debug|Any CPU
		{EB42780C-4A2A-4479-861A-0122FE5FB3C8}.Debug|iPhone.Deploy.0 = Debug|Any CPU
		{EB42780C-4A2A-4479-861A-0122FE5FB3C8}.Debug|iPhoneSimulator.ActiveCfg = Debug|Any CPU
		{EB42780C-4A2A-4479-861A-0122FE5FB3C8}.Debug|iPhoneSimulator.Build.0 = Debug|Any CPU
		{EB42780C-4A2A-4479-861A-0122FE5FB3C8}.Debug|iPhoneSimulator.Deploy.0 = Debug|Any CPU
		{EB42780C-4A2A-4479-861A-0122FE5FB3C8}.Release|Any CPU.ActiveCfg = Release|Any CPU
		{EB42780C-4A2A-4479-861A-0122FE5FB3C8}.Release|Any CPU.Build.0 = Release|Any CPU
		{EB42780C-4A2A-4479-861A-0122FE5FB3C8}.Release|Any CPU.Deploy.0 = Release|Any CPU
		{EB42780C-4A2A-4479-861A-0122FE5FB3C8}.Release|iPhone.ActiveCfg = Release|Any CPU
		{EB42780C-4A2A-4479-861A-0122FE5FB3C8}.Release|iPhone.Build.0 = Release|Any CPU
		{EB42780C-4A2A-4479-861A-0122FE5FB3C8}.Release|iPhone.Deploy.0 = Release|Any CPU
		{EB42780C-4A2A-4479-861A-0122FE5FB3C8}.Release|iPhoneSimulator.ActiveCfg = Release|Any CPU
		{EB42780C-4A2A-4479-861A-0122FE5FB3C8}.Release|iPhoneSimulator.Build.0 = Release|Any CPU
		{EB42780C-4A2A-4479-861A-0122FE5FB3C8}.Release|iPhoneSimulator.Deploy.0 = Release|Any CPU
	EndGlobalSection
	GlobalSection(SolutionProperties) = preSolution
		HideSolutionNode = FALSE
	EndGlobalSection
	GlobalSection(ExtensibilityGlobals) = postSolution
		SolutionGuid = {226F64AF-08C8-42B8-8B90-DDCBD18038A3}
	EndGlobalSection
EndGlobal
